// !$*UTF8*$!
{
	archiveVersion = 1;
	classes = {
	};
	objectVersion = 50;
	objects = {

/* Begin PBXBuildFile section */
		842A2AF222C257E300A526F1 /* Alamofire.framework in Frameworks */ = {isa = PBXBuildFile; fileRef = 842A2AF122C257E300A526F1 /* Alamofire.framework */; };
		842A2AF422C27B6B00A526F1 /* MainViewController.swift in Sources */ = {isa = PBXBuildFile; fileRef = 842A2AF322C27B6B00A526F1 /* MainViewController.swift */; };
		842A2AF622C27E0F00A526F1 /* DetailsViewController.swift in Sources */ = {isa = PBXBuildFile; fileRef = 842A2AF522C27E0F00A526F1 /* DetailsViewController.swift */; };
		842A2AF822C2859D00A526F1 /* NetworkManager.swift in Sources */ = {isa = PBXBuildFile; fileRef = 842A2AF722C2859D00A526F1 /* NetworkManager.swift */; };
		842A2AFA22C2876300A526F1 /* Details.swift in Sources */ = {isa = PBXBuildFile; fileRef = 842A2AF922C2876300A526F1 /* Details.swift */; };
		842A2AFC22C2B74D00A526F1 /* DetailTableViewCell.swift in Sources */ = {isa = PBXBuildFile; fileRef = 842A2AFB22C2B74D00A526F1 /* DetailTableViewCell.swift */; };
		842A2AFE22C2B77700A526F1 /* DaylightTableViewCell.swift in Sources */ = {isa = PBXBuildFile; fileRef = 842A2AFD22C2B77700A526F1 /* DaylightTableViewCell.swift */; };
		8467921322C254F000933990 /* AppDelegate.swift in Sources */ = {isa = PBXBuildFile; fileRef = 8467921222C254F000933990 /* AppDelegate.swift */; };
		8467921822C254F000933990 /* Main.storyboard in Resources */ = {isa = PBXBuildFile; fileRef = 8467921622C254F000933990 /* Main.storyboard */; };
		8467921A22C254F100933990 /* Assets.xcassets in Resources */ = {isa = PBXBuildFile; fileRef = 8467921922C254F100933990 /* Assets.xcassets */; };
		8467921D22C254F100933990 /* LaunchScreen.storyboard in Resources */ = {isa = PBXBuildFile; fileRef = 8467921B22C254F100933990 /* LaunchScreen.storyboard */; };
		8489430722C38241002339C8 /* SearchViewController.swift in Sources */ = {isa = PBXBuildFile; fileRef = 8489430622C38241002339C8 /* SearchViewController.swift */; };
		84ECE3EC22C408BE00D0A55F /* MapViewController.swift in Sources */ = {isa = PBXBuildFile; fileRef = 84ECE3EB22C408BE00D0A55F /* MapViewController.swift */; };
		A39465A78B008A6C4AC4D906 /* Pods_SunsetAndSunrise.framework in Frameworks */ = {isa = PBXBuildFile; fileRef = B2220EFB4C044025FB8D9BB5 /* Pods_SunsetAndSunrise.framework */; };
/* End PBXBuildFile section */

/* Begin PBXFileReference section */
		56CAEAB5F6BB5315096ECA73 /* Pods-SunsetAndSunrise.debug.xcconfig */ = {isa = PBXFileReference; includeInIndex = 1; lastKnownFileType = text.xcconfig; name = "Pods-SunsetAndSunrise.debug.xcconfig"; path = "Target Support Files/Pods-SunsetAndSunrise/Pods-SunsetAndSunrise.debug.xcconfig"; sourceTree = "<group>"; };
		65BB2740A645E59A53E64288 /* Pods-SunsetAndSunrise.release.xcconfig */ = {isa = PBXFileReference; includeInIndex = 1; lastKnownFileType = text.xcconfig; name = "Pods-SunsetAndSunrise.release.xcconfig"; path = "Target Support Files/Pods-SunsetAndSunrise/Pods-SunsetAndSunrise.release.xcconfig"; sourceTree = "<group>"; };
		842A2AF122C257E300A526F1 /* Alamofire.framework */ = {isa = PBXFileReference; explicitFileType = wrapper.framework; path = Alamofire.framework; sourceTree = BUILT_PRODUCTS_DIR; };
		842A2AF322C27B6B00A526F1 /* MainViewController.swift */ = {isa = PBXFileReference; lastKnownFileType = sourcecode.swift; path = MainViewController.swift; sourceTree = "<group>"; };
		842A2AF522C27E0F00A526F1 /* DetailsViewController.swift */ = {isa = PBXFileReference; lastKnownFileType = sourcecode.swift; path = DetailsViewController.swift; sourceTree = "<group>"; };
		842A2AF722C2859D00A526F1 /* NetworkManager.swift */ = {isa = PBXFileReference; lastKnownFileType = sourcecode.swift; path = NetworkManager.swift; sourceTree = "<group>"; };
		842A2AF922C2876300A526F1 /* Details.swift */ = {isa = PBXFileReference; lastKnownFileType = sourcecode.swift; path = Details.swift; sourceTree = "<group>"; };
		842A2AFB22C2B74D00A526F1 /* DetailTableViewCell.swift */ = {isa = PBXFileReference; lastKnownFileType = sourcecode.swift; path = DetailTableViewCell.swift; sourceTree = "<group>"; };
		842A2AFD22C2B77700A526F1 /* DaylightTableViewCell.swift */ = {isa = PBXFileReference; lastKnownFileType = sourcecode.swift; path = DaylightTableViewCell.swift; sourceTree = "<group>"; };
		8467920F22C254F000933990 /* SunsetAndSunrise.app */ = {isa = PBXFileReference; explicitFileType = wrapper.application; includeInIndex = 0; path = SunsetAndSunrise.app; sourceTree = BUILT_PRODUCTS_DIR; };
		8467921222C254F000933990 /* AppDelegate.swift */ = {isa = PBXFileReference; lastKnownFileType = sourcecode.swift; path = AppDelegate.swift; sourceTree = "<group>"; };
		8467921722C254F000933990 /* Base */ = {isa = PBXFileReference; lastKnownFileType = file.storyboard; name = Base; path = Base.lproj/Main.storyboard; sourceTree = "<group>"; };
		8467921922C254F100933990 /* Assets.xcassets */ = {isa = PBXFileReference; lastKnownFileType = folder.assetcatalog; path = Assets.xcassets; sourceTree = "<group>"; };
		8467921C22C254F100933990 /* Base */ = {isa = PBXFileReference; lastKnownFileType = file.storyboard; name = Base; path = Base.lproj/LaunchScreen.storyboard; sourceTree = "<group>"; };
		8467921E22C254F100933990 /* Info.plist */ = {isa = PBXFileReference; lastKnownFileType = text.plist.xml; path = Info.plist; sourceTree = "<group>"; };
		8489430622C38241002339C8 /* SearchViewController.swift */ = {isa = PBXFileReference; lastKnownFileType = sourcecode.swift; path = SearchViewController.swift; sourceTree = "<group>"; };
		84ECE3EB22C408BE00D0A55F /* MapViewController.swift */ = {isa = PBXFileReference; lastKnownFileType = sourcecode.swift; path = MapViewController.swift; sourceTree = "<group>"; };
		B2220EFB4C044025FB8D9BB5 /* Pods_SunsetAndSunrise.framework */ = {isa = PBXFileReference; explicitFileType = wrapper.framework; includeInIndex = 0; path = Pods_SunsetAndSunrise.framework; sourceTree = BUILT_PRODUCTS_DIR; };
/* End PBXFileReference section */

/* Begin PBXFrameworksBuildPhase section */
		8467920C22C254F000933990 /* Frameworks */ = {
			isa = PBXFrameworksBuildPhase;
			buildActionMask = 2147483647;
			files = (
				842A2AF222C257E300A526F1 /* Alamofire.framework in Frameworks */,
				A39465A78B008A6C4AC4D906 /* Pods_SunsetAndSunrise.framework in Frameworks */,
			);
			runOnlyForDeploymentPostprocessing = 0;
		};
/* End PBXFrameworksBuildPhase section */

/* Begin PBXGroup section */
		65CF7D1AB8683FAE8978C269 /* Pods */ = {
			isa = PBXGroup;
			children = (
				56CAEAB5F6BB5315096ECA73 /* Pods-SunsetAndSunrise.debug.xcconfig */,
				65BB2740A645E59A53E64288 /* Pods-SunsetAndSunrise.release.xcconfig */,
			);
			path = Pods;
			sourceTree = "<group>";
		};
		77E8512625EBF52F56A2F448 /* Frameworks */ = {
			isa = PBXGroup;
			children = (
				842A2AF122C257E300A526F1 /* Alamofire.framework */,
				B2220EFB4C044025FB8D9BB5 /* Pods_SunsetAndSunrise.framework */,
			);
			name = Frameworks;
			sourceTree = "<group>";
		};
		842A2AFF22C2C76C00A526F1 /* Controller */ = {
			isa = PBXGroup;
			children = (
				842A2AF522C27E0F00A526F1 /* DetailsViewController.swift */,
				842A2AF322C27B6B00A526F1 /* MainViewController.swift */,
				8489430622C38241002339C8 /* SearchViewController.swift */,
				84ECE3EB22C408BE00D0A55F /* MapViewController.swift */,
			);
			path = Controller;
			sourceTree = "<group>";
		};
		842A2B0022C2C78100A526F1 /* View */ = {
			isa = PBXGroup;
			children = (
				842A2AFB22C2B74D00A526F1 /* DetailTableViewCell.swift */,
				842A2AFD22C2B77700A526F1 /* DaylightTableViewCell.swift */,
				8467921622C254F000933990 /* Main.storyboard */,
				8467921B22C254F100933990 /* LaunchScreen.storyboard */,
			);
			path = View;
			sourceTree = "<group>";
		};
		842A2B0122C2C79300A526F1 /* Model */ = {
			isa = PBXGroup;
			children = (
				842A2AF922C2876300A526F1 /* Details.swift */,
			);
			path = Model;
			sourceTree = "<group>";
		};
		842A2B0222C2C81100A526F1 /* Network */ = {
			isa = PBXGroup;
			children = (
				842A2AF722C2859D00A526F1 /* NetworkManager.swift */,
			);
			path = Network;
			sourceTree = "<group>";
		};
		8467920622C254F000933990 = {
			isa = PBXGroup;
			children = (
				8467921122C254F000933990 /* SunsetAndSunrise */,
				8467921022C254F000933990 /* Products */,
				65CF7D1AB8683FAE8978C269 /* Pods */,
				77E8512625EBF52F56A2F448 /* Frameworks */,
			);
			sourceTree = "<group>";
		};
		8467921022C254F000933990 /* Products */ = {
			isa = PBXGroup;
			children = (
				8467920F22C254F000933990 /* SunsetAndSunrise.app */,
			);
			name = Products;
			sourceTree = "<group>";
		};
		8467921122C254F000933990 /* SunsetAndSunrise */ = {
			isa = PBXGroup;
			children = (
				842A2B0122C2C79300A526F1 /* Model */,
				842A2B0022C2C78100A526F1 /* View */,
				842A2AFF22C2C76C00A526F1 /* Controller */,
				842A2B0222C2C81100A526F1 /* Network */,
				8467921222C254F000933990 /* AppDelegate.swift */,
				8467921922C254F100933990 /* Assets.xcassets */,
				8467921E22C254F100933990 /* Info.plist */,
			);
			path = SunsetAndSunrise;
			sourceTree = "<group>";
		};
/* End PBXGroup section */

/* Begin PBXNativeTarget section */
		8467920E22C254F000933990 /* SunsetAndSunrise */ = {
			isa = PBXNativeTarget;
			buildConfigurationList = 8467922122C254F100933990 /* Build configuration list for PBXNativeTarget "SunsetAndSunrise" */;
			buildPhases = (
				713EBEF68B45FFEEB8BD0C1F /* [CP] Check Pods Manifest.lock */,
				8467920B22C254F000933990 /* Sources */,
				8467920C22C254F000933990 /* Frameworks */,
				8467920D22C254F000933990 /* Resources */,
				D7AA9B4398CEE980AEED7CD5 /* [CP] Embed Pods Frameworks */,
				0F07AD8C00291B606B27C404 /* [CP] Copy Pods Resources */,
			);
			buildRules = (
			);
			dependencies = (
			);
			name = SunsetAndSunrise;
			productName = SunsetAndSunrise;
			productReference = 8467920F22C254F000933990 /* SunsetAndSunrise.app */;
			productType = "com.apple.product-type.application";
		};
/* End PBXNativeTarget section */

/* Begin PBXProject section */
		8467920722C254F000933990 /* Project object */ = {
			isa = PBXProject;
			attributes = {
				LastSwiftUpdateCheck = 1010;
				LastUpgradeCheck = 1010;
				ORGANIZATIONNAME = Lilia;
				TargetAttributes = {
					8467920E22C254F000933990 = {
						CreatedOnToolsVersion = 10.1;
					};
				};
			};
			buildConfigurationList = 8467920A22C254F000933990 /* Build configuration list for PBXProject "SunsetAndSunrise" */;
			compatibilityVersion = "Xcode 9.3";
			developmentRegion = en;
			hasScannedForEncodings = 0;
			knownRegions = (
				en,
				Base,
			);
			mainGroup = 8467920622C254F000933990;
			productRefGroup = 8467921022C254F000933990 /* Products */;
			projectDirPath = "";
			projectRoot = "";
			targets = (
				8467920E22C254F000933990 /* SunsetAndSunrise */,
			);
		};
/* End PBXProject section */

/* Begin PBXResourcesBuildPhase section */
		8467920D22C254F000933990 /* Resources */ = {
			isa = PBXResourcesBuildPhase;
			buildActionMask = 2147483647;
			files = (
				8467921D22C254F100933990 /* LaunchScreen.storyboard in Resources */,
				8467921A22C254F100933990 /* Assets.xcassets in Resources */,
				8467921822C254F000933990 /* Main.storyboard in Resources */,
			);
			runOnlyForDeploymentPostprocessing = 0;
		};
/* End PBXResourcesBuildPhase section */

/* Begin PBXShellScriptBuildPhase section */
		0F07AD8C00291B606B27C404 /* [CP] Copy Pods Resources */ = {
			isa = PBXShellScriptBuildPhase;
			buildActionMask = 2147483647;
			files = (
			);
			inputFileListPaths = (
			);
			inputPaths = (
				"${PODS_ROOT}/Target Support Files/Pods-SunsetAndSunrise/Pods-SunsetAndSunrise-resources.sh",
				"${PODS_ROOT}/GooglePlaces/Frameworks/GooglePlaces.framework/Resources/GooglePlaces.bundle",
			);
			name = "[CP] Copy Pods Resources";
			outputFileListPaths = (
			);
			outputPaths = (
				"${TARGET_BUILD_DIR}/${UNLOCALIZED_RESOURCES_FOLDER_PATH}/GooglePlaces.bundle",
			);
			runOnlyForDeploymentPostprocessing = 0;
			shellPath = /bin/sh;
			shellScript = "\"${PODS_ROOT}/Target Support Files/Pods-SunsetAndSunrise/Pods-SunsetAndSunrise-resources.sh\"\n";
			showEnvVarsInLog = 0;
		};
		713EBEF68B45FFEEB8BD0C1F /* [CP] Check Pods Manifest.lock */ = {
			isa = PBXShellScriptBuildPhase;
			buildActionMask = 2147483647;
			files = (
			);
			inputFileListPaths = (
			);
			inputPaths = (
				"${PODS_PODFILE_DIR_PATH}/Podfile.lock",
				"${PODS_ROOT}/Manifest.lock",
			);
			name = "[CP] Check Pods Manifest.lock";
			outputFileListPaths = (
			);
			outputPaths = (
				"$(DERIVED_FILE_DIR)/Pods-SunsetAndSunrise-checkManifestLockResult.txt",
			);
			runOnlyForDeploymentPostprocessing = 0;
			shellPath = /bin/sh;
			shellScript = "diff \"${PODS_PODFILE_DIR_PATH}/Podfile.lock\" \"${PODS_ROOT}/Manifest.lock\" > /dev/null\nif [ $? != 0 ] ; then\n    # print error to STDERR\n    echo \"error: The sandbox is not in sync with the Podfile.lock. Run 'pod install' or update your CocoaPods installation.\" >&2\n    exit 1\nfi\n# This output is used by Xcode 'outputs' to avoid re-running this script phase.\necho \"SUCCESS\" > \"${SCRIPT_OUTPUT_FILE_0}\"\n";
			showEnvVarsInLog = 0;
		};
		D7AA9B4398CEE980AEED7CD5 /* [CP] Embed Pods Frameworks */ = {
			isa = PBXShellScriptBuildPhase;
			buildActionMask = 2147483647;
			files = (
			);
			inputFileListPaths = (
			);
			inputPaths = (
				"${PODS_ROOT}/Target Support Files/Pods-SunsetAndSunrise/Pods-SunsetAndSunrise-frameworks.sh",
				"${BUILT_PRODUCTS_DIR}/Alamofire/Alamofire.framework",
			);
			name = "[CP] Embed Pods Frameworks";
			outputFileListPaths = (
			);
			outputPaths = (
				"${TARGET_BUILD_DIR}/${FRAMEWORKS_FOLDER_PATH}/Alamofire.framework",
			);
			runOnlyForDeploymentPostprocessing = 0;
			shellPath = /bin/sh;
			shellScript = "\"${PODS_ROOT}/Target Support Files/Pods-SunsetAndSunrise/Pods-SunsetAndSunrise-frameworks.sh\"\n";
			showEnvVarsInLog = 0;
		};
/* End PBXShellScriptBuildPhase section */

/* Begin PBXSourcesBuildPhase section */
		8467920B22C254F000933990 /* Sources */ = {
			isa = PBXSourcesBuildPhase;
			buildActionMask = 2147483647;
			files = (
				842A2AFC22C2B74D00A526F1 /* DetailTableViewCell.swift in Sources */,
				842A2AFA22C2876300A526F1 /* Details.swift in Sources */,
				8489430722C38241002339C8 /* SearchViewController.swift in Sources */,
				842A2AF822C2859D00A526F1 /* NetworkManager.swift in Sources */,
				84ECE3EC22C408BE00D0A55F /* MapViewController.swift in Sources */,
				842A2AFE22C2B77700A526F1 /* DaylightTableViewCell.swift in Sources */,
				842A2AF422C27B6B00A526F1 /* MainViewController.swift in Sources */,
				8467921322C254F000933990 /* AppDelegate.swift in Sources */,
				842A2AF622C27E0F00A526F1 /* DetailsViewController.swift in Sources */,
			);
			runOnlyForDeploymentPostprocessing = 0;
		};
/* End PBXSourcesBuildPhase section */

/* Begin PBXVariantGroup section */
		8467921622C254F000933990 /* Main.storyboard */ = {
			isa = PBXVariantGroup;
			children = (
				8467921722C254F000933990 /* Base */,
			);
			name = Main.storyboard;
			sourceTree = "<group>";
		};
		8467921B22C254F100933990 /* LaunchScreen.storyboard */ = {
			isa = PBXVariantGroup;
			children = (
				8467921C22C254F100933990 /* Base */,
			);
			name = LaunchScreen.storyboard;
			sourceTree = "<group>";
		};
/* End PBXVariantGroup section */

/* Begin XCBuildConfiguration section */
		8467921F22C254F100933990 /* Debug */ = {
			isa = XCBuildConfiguration;
			buildSettings = {
				ALWAYS_SEARCH_USER_PATHS = NO;
				CLANG_ANALYZER_NONNULL = YES;
				CLANG_ANALYZER_NUMBER_OBJECT_CONVERSION = YES_AGGRESSIVE;
				CLANG_CXX_LANGUAGE_STANDARD = "gnu++14";
				CLANG_CXX_LIBRARY = "libc++";
				CLANG_ENABLE_MODULES = YES;
				CLANG_ENABLE_OBJC_ARC = YES;
				CLANG_ENABLE_OBJC_WEAK = YES;
				CLANG_WARN_BLOCK_CAPTURE_AUTORELEASING = YES;
				CLANG_WARN_BOOL_CONVERSION = YES;
				CLANG_WARN_COMMA = YES;
				CLANG_WARN_CONSTANT_CONVERSION = YES;
				CLANG_WARN_DEPRECATED_OBJC_IMPLEMENTATIONS = YES;
				CLANG_WARN_DIRECT_OBJC_ISA_USAGE = YES_ERROR;
				CLANG_WARN_DOCUMENTATION_COMMENTS = YES;
				CLANG_WARN_EMPTY_BODY = YES;
				CLANG_WARN_ENUM_CONVERSION = YES;
				CLANG_WARN_INFINITE_RECURSION = YES;
				CLANG_WARN_INT_CONVERSION = YES;
				CLANG_WARN_NON_LITERAL_NULL_CONVERSION = YES;
				CLANG_WARN_OBJC_IMPLICIT_RETAIN_SELF = YES;
				CLANG_WARN_OBJC_LITERAL_CONVERSION = YES;
				CLANG_WARN_OBJC_ROOT_CLASS = YES_ERROR;
				CLANG_WARN_RANGE_LOOP_ANALYSIS = YES;
				CLANG_WARN_STRICT_PROTOTYPES = YES;
				CLANG_WARN_SUSPICIOUS_MOVE = YES;
				CLANG_WARN_UNGUARDED_AVAILABILITY = YES_AGGRESSIVE;
				CLANG_WARN_UNREACHABLE_CODE = YES;
				CLANG_WARN__DUPLICATE_METHOD_MATCH = YES;
				CODE_SIGN_IDENTITY = "iPhone Developer";
				COPY_PHASE_STRIP = NO;
				DEBUG_INFORMATION_FORMAT = dwarf;
				ENABLE_STRICT_OBJC_MSGSEND = YES;
				ENABLE_TESTABILITY = YES;
				GCC_C_LANGUAGE_STANDARD = gnu11;
				GCC_DYNAMIC_NO_PIC = NO;
				GCC_NO_COMMON_BLOCKS = YES;
				GCC_OPTIMIZATION_LEVEL = 0;
				GCC_PREPROCESSOR_DEFINITIONS = (
					"DEBUG=1",
					"$(inherited)",
				);
				GCC_WARN_64_TO_32_BIT_CONVERSION = YES;
				GCC_WARN_ABOUT_RETURN_TYPE = YES_ERROR;
				GCC_WARN_UNDECLARED_SELECTOR = YES;
				GCC_WARN_UNINITIALIZED_AUTOS = YES_AGGRESSIVE;
				GCC_WARN_UNUSED_FUNCTION = YES;
				GCC_WARN_UNUSED_VARIABLE = YES;
				IPHONEOS_DEPLOYMENT_TARGET = 12.1;
				MTL_ENABLE_DEBUG_INFO = INCLUDE_SOURCE;
				MTL_FAST_MATH = YES;
				ONLY_ACTIVE_ARCH = YES;
				SDKROOT = iphoneos;
				SWIFT_ACTIVE_COMPILATION_CONDITIONS = DEBUG;
				SWIFT_OPTIMIZATION_LEVEL = "-Onone";
			};
			name = Debug;
		};
		8467922022C254F100933990 /* Release */ = {
			isa = XCBuildConfiguration;
			buildSettings = {
				ALWAYS_SEARCH_USER_PATHS = NO;
				CLANG_ANALYZER_NONNULL = YES;
				CLANG_ANALYZER_NUMBER_OBJECT_CONVERSION = YES_AGGRESSIVE;
				CLANG_CXX_LANGUAGE_STANDARD = "gnu++14";
				CLANG_CXX_LIBRARY = "libc++";
				CLANG_ENABLE_MODULES = YES;
				CLANG_ENABLE_OBJC_ARC = YES;
				CLANG_ENABLE_OBJC_WEAK = YES;
				CLANG_WARN_BLOCK_CAPTURE_AUTORELEASING = YES;
				CLANG_WARN_BOOL_CONVERSION = YES;
				CLANG_WARN_COMMA = YES;
				CLANG_WARN_CONSTANT_CONVERSION = YES;
				CLANG_WARN_DEPRECATED_OBJC_IMPLEMENTATIONS = YES;
				CLANG_WARN_DIRECT_OBJC_ISA_USAGE = YES_ERROR;
				CLANG_WARN_DOCUMENTATION_COMMENTS = YES;
				CLANG_WARN_EMPTY_BODY = YES;
				CLANG_WARN_ENUM_CONVERSION = YES;
				CLANG_WARN_INFINITE_RECURSION = YES;
				CLANG_WARN_INT_CONVERSION = YES;
				CLANG_WARN_NON_LITERAL_NULL_CONVERSION = YES;
				CLANG_WARN_OBJC_IMPLICIT_RETAIN_SELF = YES;
				CLANG_WARN_OBJC_LITERAL_CONVERSION = YES;
				CLANG_WARN_OBJC_ROOT_CLASS = YES_ERROR;
				CLANG_WARN_RANGE_LOOP_ANALYSIS = YES;
				CLANG_WARN_STRICT_PROTOTYPES = YES;
				CLANG_WARN_SUSPICIOUS_MOVE = YES;
				CLANG_WARN_UNGUARDED_AVAILABILITY = YES_AGGRESSIVE;
				CLANG_WARN_UNREACHABLE_CODE = YES;
				CLANG_WARN__DUPLICATE_METHOD_MATCH = YES;
				CODE_SIGN_IDENTITY = "iPhone Developer";
				COPY_PHASE_STRIP = NO;
				DEBUG_INFORMATION_FORMAT = "dwarf-with-dsym";
				ENABLE_NS_ASSERTIONS = NO;
				ENABLE_STRICT_OBJC_MSGSEND = YES;
				GCC_C_LANGUAGE_STANDARD = gnu11;
				GCC_NO_COMMON_BLOCKS = YES;
				GCC_WARN_64_TO_32_BIT_CONVERSION = YES;
				GCC_WARN_ABOUT_RETURN_TYPE = YES_ERROR;
				GCC_WARN_UNDECLARED_SELECTOR = YES;
				GCC_WARN_UNINITIALIZED_AUTOS = YES_AGGRESSIVE;
				GCC_WARN_UNUSED_FUNCTION = YES;
				GCC_WARN_UNUSED_VARIABLE = YES;
				IPHONEOS_DEPLOYMENT_TARGET = 12.1;
				MTL_ENABLE_DEBUG_INFO = NO;
				MTL_FAST_MATH = YES;
				SDKROOT = iphoneos;
				SWIFT_COMPILATION_MODE = wholemodule;
				SWIFT_OPTIMIZATION_LEVEL = "-O";
				VALIDATE_PRODUCT = YES;
			};
			name = Release;
		};
		8467922222C254F100933990 /* Debug */ = {
			isa = XCBuildConfiguration;
			baseConfigurationReference = 56CAEAB5F6BB5315096ECA73 /* Pods-SunsetAndSunrise.debug.xcconfig */;
			buildSettings = {
				ASSETCATALOG_COMPILER_APPICON_NAME = AppIcon;
				CODE_SIGN_STYLE = Automatic;
				INFOPLIST_FILE = SunsetAndSunrise/Info.plist;
				LD_RUNPATH_SEARCH_PATHS = (
					"$(inherited)",
					"@executable_path/Frameworks",
				);
				PRODUCT_BUNDLE_IDENTIFIER = com.SunsetAndSunrise;
				PRODUCT_NAME = "$(TARGET_NAME)";
				SWIFT_VERSION = 4.2;
				TARGETED_DEVICE_FAMILY = 1;
			};
			name = Debug;
		};
		8467922322C254F100933990 /* Release */ = {
			isa = XCBuildConfiguration;
			baseConfigurationReference = 65BB2740A645E59A53E64288 /* Pods-SunsetAndSunrise.release.xcconfig */;
			buildSettings = {
				ASSETCATALOG_COMPILER_APPICON_NAME = AppIcon;
				CODE_SIGN_STYLE = Automatic;
				INFOPLIST_FILE = SunsetAndSunrise/Info.plist;
				LD_RUNPATH_SEARCH_PATHS = (
					"$(inherited)",
					"@executable_path/Frameworks",
				);
				PRODUCT_BUNDLE_IDENTIFIER = com.SunsetAndSunrise;
				PRODUCT_NAME = "$(TARGET_NAME)";
				SWIFT_VERSION = 4.2;
				TARGETED_DEVICE_FAMILY = 1;
			};
			name = Release;
		};
/* End XCBuildConfiguration section */

/* Begin XCConfigurationList section */
		8467920A22C254F000933990 /* Build configuration list for PBXProject "SunsetAndSunrise" */ = {
			isa = XCConfigurationList;
			buildConfigurations = (
				8467921F22C254F100933990 /* Debug */,
				8467922022C254F100933990 /* Release */,
			);
			defaultConfigurationIsVisible = 0;
			defaultConfigurationName = Release;
		};
		8467922122C254F100933990 /* Build configuration list for PBXNativeTarget "SunsetAndSunrise" */ = {
			isa = XCConfigurationList;
			buildConfigurations = (
				8467922222C254F100933990 /* Debug */,
				8467922322C254F100933990 /* Release */,
			);
			defaultConfigurationIsVisible = 0;
			defaultConfigurationName = Release;
		};
/* End XCConfigurationList section */
	};
	rootObject = 8467920722C254F000933990 /* Project object */;
}
